<?xml version="1.0" encoding="utf-8"?>
<Project ToolsVersion="4.0" xmlns="http://schemas.microsoft.com/developer/msbuild/2003">
  <ItemGroup>
    <Filter Include="Source Files">
      <UniqueIdentifier>{4FC737F1-C7A5-4376-A066-2A32D752A2FF}</UniqueIdentifier>
      <Extensions>cpp;c;cc;cxx;def;odl;idl;hpj;bat;asm;asmx</Extensions>
    </Filter>
    <Filter Include="Header Files">
      <UniqueIdentifier>{93995380-89BD-4b04-88EB-625FBE52EBFB}</UniqueIdentifier>
      <Extensions>h;hh;hpp;hxx;hm;inl;inc;xsd</Extensions>
    </Filter>
    <Filter Include="Resource Files">
      <UniqueIdentifier>{67DA6AB6-F800-4c08-8B7A-83BB121AAD01}</UniqueIdentifier>
      <Extensions>rc;ico;cur;bmp;dlg;rc2;rct;bin;rgs;gif;jpg;jpeg;jpe;resx;tiff;tif;png;wav;mfcribbon-ms</Extensions>
    </Filter>
  </ItemGroup>
  <ItemGroup>
    <ClCompile Include="frmPrincipal.cpp">
      <Filter>Header Files</Filter>
    </ClCompile>
    <ClCompile Include="main.cpp">
      <Filter>Source Files</Filter>
    </ClCompile>
    <ClCompile Include="frmMantProductos.cpp">
      <Filter>Header Files</Filter>
    </ClCompile>
    <ClCompile Include="frmNuevoProducto.cpp">
      <Filter>Header Files</Filter>
    </ClCompile>
    <ClCompile Include="frmEditarProducto.cpp">
      <Filter>Header Files</Filter>
    </ClCompile>
    <ClCompile Include="frmMantCartas.cpp">
      <Filter>Header Files</Filter>
    </ClCompile>
    <ClCompile Include="frmNuevaCarta.cpp">
      <Filter>Header Files</Filter>
    </ClCompile>
    <ClCompile Include="frmVerCarta.cpp">
      <Filter>Header Files</Filter>
    </ClCompile>
    <ClCompile Include="frmBuscarProducto.cpp">
      <Filter>Header Files</Filter>
    </ClCompile>
    <ClCompile Include="frmNuevaCartaa.cpp">
      <Filter>Header Files</Filter>
    </ClCompile>
  </ItemGroup>
  <ItemGroup>
    <ClInclude Include="frmPrincipal.h">
      <Filter>Header Files</Filter>
    </ClInclude>
    <ClInclude Include="frmMantProductos.h">
      <Filter>Header Files</Filter>
    </ClInclude>
    <ClInclude Include="frmNuevoProducto.h">
      <Filter>Header Files</Filter>
    </ClInclude>
    <ClInclude Include="frmEditarProducto.h">
      <Filter>Header Files</Filter>
    </ClInclude>
    <ClInclude Include="frmMantCartas.h">
      <Filter>Header Files</Filter>
    </ClInclude>
    <ClInclude Include="frmNuevaCarta.h">
      <Filter>Header Files</Filter>
    </ClInclude>
    <ClInclude Include="frmVerCarta.h">
      <Filter>Header Files</Filter>
    </ClInclude>
    <ClInclude Include="frmBuscarProducto.h">
      <Filter>Header Files</Filter>
    </ClInclude>
    <ClInclude Include="frmNuevaCartaa.h">
      <Filter>Header Files</Filter>
    </ClInclude>
  </ItemGroup>
  <ItemGroup>
    <EmbeddedResource Include="frmBuscarProducto.resx">
      <Filter>Resource Files</Filter>
    </EmbeddedResource>
    <EmbeddedResource Include="frmEditarProducto.resx">
      <Filter>Resource Files</Filter>
    </EmbeddedResource>
    <EmbeddedResource Include="frmMantCartas.resx">
      <Filter>Resource Files</Filter>
    </EmbeddedResource>
    <EmbeddedResource Include="frmMantProductos.resx">
      <Filter>Resource Files</Filter>
    </EmbeddedResource>
    <EmbeddedResource Include="frmNuevaCarta.resx">
      <Filter>Resource Files</Filter>
    </EmbeddedResource>
    <EmbeddedResource Include="frmNuevoProducto.resx">
      <Filter>Resource Files</Filter>
    </EmbeddedResource>
    <EmbeddedResource Include="frmPrincipal.resx">
      <Filter>Resource Files</Filter>
    </EmbeddedResource>
    <EmbeddedResource Include="frmVerCarta.resx">
      <Filter>Resource Files</Filter>
    </EmbeddedResource>
  </ItemGroup>
</Project>